#MicroXplorer Configuration settings - do not modify
Dma.Request0=TIM3_CH3
Dma.RequestsNb=1
Dma.TIM3_CH3.0.Direction=DMA_MEMORY_TO_PERIPH
Dma.TIM3_CH3.0.Instance=DMA1_Channel2
Dma.TIM3_CH3.0.MemDataAlignment=DMA_MDATAALIGN_HALFWORD
Dma.TIM3_CH3.0.MemInc=DMA_MINC_DISABLE
Dma.TIM3_CH3.0.Mode=DMA_CIRCULAR
Dma.TIM3_CH3.0.PeriphDataAlignment=DMA_PDATAALIGN_HALFWORD
Dma.TIM3_CH3.0.PeriphInc=DMA_PINC_DISABLE
Dma.TIM3_CH3.0.Priority=DMA_PRIORITY_LOW
Dma.TIM3_CH3.0.RequestParameters=Instance,Direction,PeriphInc,MemInc,PeriphDataAlignment,MemDataAlignment,Mode,Priority
File.Version=6
KeepUserPlacement=false
Mcu.Family=STM32F0
Mcu.IP0=DMA
Mcu.IP1=NVIC
Mcu.IP2=RCC
Mcu.IP3=SYS
Mcu.IP4=TIM3
Mcu.IP5=TIM6
Mcu.IP6=TIM14
Mcu.IPNb=7
Mcu.Name=STM32F051R8Tx
Mcu.Package=LQFP64
Mcu.Pin0=PA0
Mcu.Pin1=PC8
Mcu.Pin2=PC9
Mcu.Pin3=VP_SYS_VS_Systick
Mcu.Pin4=VP_TIM3_VS_ClockSourceINT
Mcu.Pin5=VP_TIM6_VS_ClockSourceINT
Mcu.Pin6=VP_TIM14_VS_ClockSourceINT
Mcu.PinsNb=7
Mcu.ThirdPartyNb=0
Mcu.UserConstants=
Mcu.UserName=STM32F051R8Tx
MxCube.Version=4.24.0
MxDb.Version=DB.4.0.240
NVIC.DMA1_Channel2_3_IRQn=true\:0\:0\:false\:false\:true\:false
NVIC.EXTI0_1_IRQn=true\:0\:0\:false\:false\:true\:true
NVIC.HardFault_IRQn=true\:0\:0\:false\:false\:true\:false
NVIC.NonMaskableInt_IRQn=true\:0\:0\:false\:false\:true\:false
NVIC.PendSV_IRQn=true\:0\:0\:false\:false\:true\:false
NVIC.SVC_IRQn=true\:0\:0\:false\:false\:true\:false
NVIC.SysTick_IRQn=true\:0\:0\:false\:false\:true\:false
NVIC.TIM14_IRQn=true\:0\:0\:false\:false\:true\:true
NVIC.TIM6_DAC_IRQn=true\:0\:0\:false\:false\:true\:true
PA0.Locked=true
PA0.Signal=GPXTI0
PC8.Locked=true
PC8.Signal=S_TIM3_CH3
PC9.Locked=true
PC9.Signal=GPIO_Output
PCC.Checker=false
PCC.Line=STM32F0x1
PCC.MCU=STM32F051R8Tx
PCC.PartNumber=STM32F051R8Tx
PCC.Seq0=0
PCC.Series=STM32F0
PCC.Temperature=25
PCC.Vdd=3.3
PinOutPanel.RotationAngle=0
ProjectManager.AskForMigrate=true
ProjectManager.BackupPrevious=false
ProjectManager.CompilerOptimize=2
ProjectManager.ComputerToolchain=false
ProjectManager.CoupleFile=false
ProjectManager.CustomerFirmwarePackage=C\:/Users/Laurens/STM32Cube/Repository/STM32Cube_FW_F0_V1.9.0
ProjectManager.DefaultFWLocation=true
ProjectManager.DeletePrevious=true
ProjectManager.DeviceId=STM32F051R8Tx
ProjectManager.FirmwarePackage=STM32Cube FW_F0 V1.9.0
ProjectManager.FreePins=false
ProjectManager.HalAssertFull=false
ProjectManager.HeapSize=0x200
ProjectManager.KeepUserCode=true
ProjectManager.LastFirmware=true
ProjectManager.LibraryCopy=0
ProjectManager.PreviousToolchain=
ProjectManager.ProjectBuild=false
ProjectManager.ProjectFileName=arm_synth.ioc
ProjectManager.ProjectName=arm_synth
ProjectManager.StackSize=0x400
ProjectManager.TargetToolchain=EWARM
ProjectManager.ToolChainLocation=
ProjectManager.UnderRoot=false
ProjectManager.functionlistsort=1-MX_GPIO_Init-GPIO-false-HAL-true,2-MX_DMA_Init-DMA-false-HAL-true,3-SystemClock_Config-RCC-false-HAL-true,4-MX_TIM3_Init-TIM3-false-HAL-true,5-MX_TIM14_Init-TIM14-false-HAL-true,6-MX_TIM6_Init-TIM6-false-HAL-true
RCC.AHBFreq_Value=48000000
RCC.APB1Freq_Value=48000000
RCC.APB1TimFreq_Value=48000000
RCC.CECFreq_Value=32786.88524590164
RCC.FCLKCortexFreq_Value=48000000
RCC.FamilyName=M
RCC.HCLKFreq_Value=48000000
RCC.HSICECFreq_Value=32786.88524590164
RCC.I2SFreq_Value=48000000
RCC.IPParameters=AHBFreq_Value,APB1Freq_Value,APB1TimFreq_Value,CECFreq_Value,FCLKCortexFreq_Value,FamilyName,HCLKFreq_Value,HSICECFreq_Value,I2SFreq_Value,MCOFreq_Value,PLLCLKFreq_Value,PLLMCOFreq_Value,PLLMUL,SYSCLKFreq_VALUE,SYSCLKSource,TimSysFreq_Value,USART1Freq_Value
RCC.MCOFreq_Value=48000000
RCC.PLLCLKFreq_Value=48000000
RCC.PLLMCOFreq_Value=24000000
RCC.PLLMUL=RCC_PLL_MUL12
RCC.SYSCLKFreq_VALUE=48000000
RCC.SYSCLKSource=RCC_SYSCLKSOURCE_PLLCLK
RCC.TimSysFreq_Value=48000000
RCC.USART1Freq_Value=48000000
SH.GPXTI0.0=GPIO_EXTI0
SH.GPXTI0.ConfNb=1
SH.S_TIM3_CH3.0=TIM3_CH3,PWM Generation3 CH3
SH.S_TIM3_CH3.ConfNb=1
TIM14.AutoReloadPreload=TIM_AUTORELOAD_PRELOAD_DISABLE
TIM14.IPParameters=Period,Prescaler,AutoReloadPreload
TIM14.Period=1000
TIM14.Prescaler=47
TIM3.Channel-PWM\ Generation3\ CH3=TIM_CHANNEL_3
TIM3.IPParameters=Prescaler,Period,Channel-PWM Generation3 CH3
TIM3.Period=256
TIM3.Prescaler=0
TIM6.IPParameters=Prescaler,Period
TIM6.Period=500
TIM6.Prescaler=47999
VP_SYS_VS_Systick.Mode=SysTick
VP_SYS_VS_Systick.Signal=SYS_VS_Systick
VP_TIM14_VS_ClockSourceINT.Mode=Enable_Timer
VP_TIM14_VS_ClockSourceINT.Signal=TIM14_VS_ClockSourceINT
VP_TIM3_VS_ClockSourceINT.Mode=Internal
VP_TIM3_VS_ClockSourceINT.Signal=TIM3_VS_ClockSourceINT
VP_TIM6_VS_ClockSourceINT.Mode=Enable_Timer
VP_TIM6_VS_ClockSourceINT.Signal=TIM6_VS_ClockSourceINT
board=arm_synth
